{
  "name": "myproject",
  "version": "1.0.0",
  "lockfileVersion": 1,
  "requires": true,
  "dependencies": {
    "@types/xrm": {
      "version": "9.0.6",
      "resolved": "https://registry.npmjs.org/@types/xrm/-/xrm-9.0.6.tgz",
      "integrity": "sha512-Q+kRFS2g9P6zJjQRL/spugpeski9nLOCi6+RmZguiOmDzE/vU9yMaFoQ5LDexnEWH9q+24t9FmDfAORNa8t/Pw==",
      "dev": true
    }
  }
}
